# generated by rye
# use `rye lock` or `rye sync` to update this lockfile
#
# last locked with the following flags:
#   pre: false
#   features: []
#   all-features: false
#   with-sources: false
#   generate-hashes: false
#   universal: false

-e file:.
iniconfig==2.1.0
    # via pytest
packaging==25.0
    # via pytest
pluggy==1.6.0
    # via pytest
    # via pytest-qt
pyexiftool==0.5.6
    # via timestamper
pygments==2.19.2
    # via pytest
pyside6==6.6.1
    # via timestamper
pyside6-addons==6.6.1
    # via pyside6
    # via timestamper
pyside6-essentials==6.6.1
    # via pyside6
    # via pyside6-addons
    # via timestamper
pytest==8.4.1
    # via pytest-qt
    # via timestamper
pytest-qt==4.5.0
    # via timestamper
shiboken6==6.6.1
    # via pyside6
    # via pyside6-addons
    # via pyside6-essentials
    # via timestamper
typing-extensions==4.14.1
    # via pytest-qt
